
Microsoft Visual Studio Solution File, Format Version 12.00
# Visual Studio Version 17
VisualStudioVersion = 17.0.31903.59
MinimumVisualStudioVersion = 10.0.40219.1
Project("{2150E333-8FDC-42A3-9474-1A3956D46DE8}") = "src", "src", "{827E0CD3-B72D-47B6-A68D-7590B98EB39B}"
EndProject
Project("{FAE04EC0-301F-11D3-BF4B-00C04F79EFBC}") = "Lts2.GodotShim", "src\Lts2.GodotShim\Lts2.GodotShim.csproj", "{A9F61784-63C9-4133-9EB4-0E56B8D196E5}"
EndProject
Project("{FAE04EC0-301F-11D3-BF4B-00C04F79EFBC}") = "Lts2.Harness", "src\Lts2.Harness\Lts2.Harness.csproj", "{C5007794-161C-4CEF-A6D5-8C6F1782945A}"
EndProject
Project("{FAE04EC0-301F-11D3-BF4B-00C04F79EFBC}") = "Lts2.Harness.Tests", "tests\Lts2.Harness.Tests\Lts2.Harness.Tests.csproj", "{B923718D-905C-43A9-8582-D05DC2F20005}"
EndProject
Project("{FAE04EC0-301F-11D3-BF4B-00C04F79EFBC}") = "Lts2.Tui", "src\Lts2.Tui\Lts2.Tui.csproj", "{9870C681-6BC6-4AFA-BA52-224DEAEC56BD}"
EndProject
Project("{FAE04EC0-301F-11D3-BF4B-00C04F79EFBC}") = "Lts2.Localization", "src\Lts2.Localization\Lts2.Localization.csproj", "{15D4595E-D214-44F0-95FF-85BBA015C155}"
EndProject
Global
	GlobalSection(SolutionConfigurationPlatforms) = preSolution
		Debug|Any CPU = Debug|Any CPU
		Debug|x64 = Debug|x64
		Debug|x86 = Debug|x86
		Release|Any CPU = Release|Any CPU
		Release|x64 = Release|x64
		Release|x86 = Release|x86
	EndGlobalSection
	GlobalSection(ProjectConfigurationPlatforms) = postSolution
		{A9F61784-63C9-4133-9EB4-0E56B8D196E5}.Debug|Any CPU.ActiveCfg = Debug|Any CPU
		{A9F61784-63C9-4133-9EB4-0E56B8D196E5}.Debug|Any CPU.Build.0 = Debug|Any CPU
		{A9F61784-63C9-4133-9EB4-0E56B8D196E5}.Debug|x64.ActiveCfg = Debug|Any CPU
		{A9F61784-63C9-4133-9EB4-0E56B8D196E5}.Debug|x64.Build.0 = Debug|Any CPU
		{A9F61784-63C9-4133-9EB4-0E56B8D196E5}.Debug|x86.ActiveCfg = Debug|Any CPU
		{A9F61784-63C9-4133-9EB4-0E56B8D196E5}.Debug|x86.Build.0 = Debug|Any CPU
		{A9F61784-63C9-4133-9EB4-0E56B8D196E5}.Release|Any CPU.ActiveCfg = Release|Any CPU
		{A9F61784-63C9-4133-9EB4-0E56B8D196E5}.Release|Any CPU.Build.0 = Release|Any CPU
		{A9F61784-63C9-4133-9EB4-0E56B8D196E5}.Release|x64.ActiveCfg = Release|Any CPU
		{A9F61784-63C9-4133-9EB4-0E56B8D196E5}.Release|x64.Build.0 = Release|Any CPU
		{A9F61784-63C9-4133-9EB4-0E56B8D196E5}.Release|x86.ActiveCfg = Release|Any CPU
		{A9F61784-63C9-4133-9EB4-0E56B8D196E5}.Release|x86.Build.0 = Release|Any CPU
		{C5007794-161C-4CEF-A6D5-8C6F1782945A}.Debug|Any CPU.ActiveCfg = Debug|Any CPU
		{C5007794-161C-4CEF-A6D5-8C6F1782945A}.Debug|Any CPU.Build.0 = Debug|Any CPU
		{C5007794-161C-4CEF-A6D5-8C6F1782945A}.Debug|x64.ActiveCfg = Debug|Any CPU
		{C5007794-161C-4CEF-A6D5-8C6F1782945A}.Debug|x64.Build.0 = Debug|Any CPU
		{C5007794-161C-4CEF-A6D5-8C6F1782945A}.Debug|x86.ActiveCfg = Debug|Any CPU
		{C5007794-161C-4CEF-A6D5-8C6F1782945A}.Debug|x86.Build.0 = Debug|Any CPU
		{C5007794-161C-4CEF-A6D5-8C6F1782945A}.Release|Any CPU.ActiveCfg = Release|Any CPU
		{C5007794-161C-4CEF-A6D5-8C6F1782945A}.Release|Any CPU.Build.0 = Release|Any CPU
		{C5007794-161C-4CEF-A6D5-8C6F1782945A}.Release|x64.ActiveCfg = Release|Any CPU
		{C5007794-161C-4CEF-A6D5-8C6F1782945A}.Release|x64.Build.0 = Release|Any CPU
		{C5007794-161C-4CEF-A6D5-8C6F1782945A}.Release|x86.ActiveCfg = Release|Any CPU
		{C5007794-161C-4CEF-A6D5-8C6F1782945A}.Release|x86.Build.0 = Release|Any CPU
		{B923718D-905C-43A9-8582-D05DC2F20005}.Debug|Any CPU.ActiveCfg = Debug|Any CPU
		{B923718D-905C-43A9-8582-D05DC2F20005}.Debug|Any CPU.Build.0 = Debug|Any CPU
		{B923718D-905C-43A9-8582-D05DC2F20005}.Debug|x64.ActiveCfg = Debug|Any CPU
		{B923718D-905C-43A9-8582-D05DC2F20005}.Debug|x64.Build.0 = Debug|Any CPU
		{B923718D-905C-43A9-8582-D05DC2F20005}.Debug|x86.ActiveCfg = Debug|Any CPU
		{B923718D-905C-43A9-8582-D05DC2F20005}.Debug|x86.Build.0 = Debug|Any CPU
		{B923718D-905C-43A9-8582-D05DC2F20005}.Release|Any CPU.ActiveCfg = Release|Any CPU
		{B923718D-905C-43A9-8582-D05DC2F20005}.Release|Any CPU.Build.0 = Release|Any CPU
		{B923718D-905C-43A9-8582-D05DC2F20005}.Release|x64.ActiveCfg = Release|Any CPU
		{B923718D-905C-43A9-8582-D05DC2F20005}.Release|x64.Build.0 = Release|Any CPU
		{B923718D-905C-43A9-8582-D05DC2F20005}.Release|x86.ActiveCfg = Release|Any CPU
		{B923718D-905C-43A9-8582-D05DC2F20005}.Release|x86.Build.0 = Release|Any CPU
		{9870C681-6BC6-4AFA-BA52-224DEAEC56BD}.Debug|Any CPU.ActiveCfg = Debug|Any CPU
		{9870C681-6BC6-4AFA-BA52-224DEAEC56BD}.Debug|Any CPU.Build.0 = Debug|Any CPU
		{9870C681-6BC6-4AFA-BA52-224DEAEC56BD}.Debug|x64.ActiveCfg = Debug|Any CPU
		{9870C681-6BC6-4AFA-BA52-224DEAEC56BD}.Debug|x64.Build.0 = Debug|Any CPU
		{9870C681-6BC6-4AFA-BA52-224DEAEC56BD}.Debug|x86.ActiveCfg = Debug|Any CPU
		{9870C681-6BC6-4AFA-BA52-224DEAEC56BD}.Debug|x86.Build.0 = Debug|Any CPU
		{9870C681-6BC6-4AFA-BA52-224DEAEC56BD}.Release|Any CPU.ActiveCfg = Release|Any CPU
		{9870C681-6BC6-4AFA-BA52-224DEAEC56BD}.Release|Any CPU.Build.0 = Release|Any CPU
		{9870C681-6BC6-4AFA-BA52-224DEAEC56BD}.Release|x64.ActiveCfg = Release|Any CPU
		{9870C681-6BC6-4AFA-BA52-224DEAEC56BD}.Release|x64.Build.0 = Release|Any CPU
		{9870C681-6BC6-4AFA-BA52-224DEAEC56BD}.Release|x86.ActiveCfg = Release|Any CPU
		{9870C681-6BC6-4AFA-BA52-224DEAEC56BD}.Release|x86.Build.0 = Release|Any CPU
		{15D4595E-D214-44F0-95FF-85BBA015C155}.Debug|Any CPU.ActiveCfg = Debug|Any CPU
		{15D4595E-D214-44F0-95FF-85BBA015C155}.Debug|Any CPU.Build.0 = Debug|Any CPU
		{15D4595E-D214-44F0-95FF-85BBA015C155}.Debug|x64.ActiveCfg = Debug|Any CPU
		{15D4595E-D214-44F0-95FF-85BBA015C155}.Debug|x64.Build.0 = Debug|Any CPU
		{15D4595E-D214-44F0-95FF-85BBA015C155}.Debug|x86.ActiveCfg = Debug|Any CPU
		{15D4595E-D214-44F0-95FF-85BBA015C155}.Debug|x86.Build.0 = Debug|Any CPU
		{15D4595E-D214-44F0-95FF-85BBA015C155}.Release|Any CPU.ActiveCfg = Release|Any CPU
		{15D4595E-D214-44F0-95FF-85BBA015C155}.Release|Any CPU.Build.0 = Release|Any CPU
		{15D4595E-D214-44F0-95FF-85BBA015C155}.Release|x64.ActiveCfg = Release|Any CPU
		{15D4595E-D214-44F0-95FF-85BBA015C155}.Release|x64.Build.0 = Release|Any CPU
		{15D4595E-D214-44F0-95FF-85BBA015C155}.Release|x86.ActiveCfg = Release|Any CPU
		{15D4595E-D214-44F0-95FF-85BBA015C155}.Release|x86.Build.0 = Release|Any CPU
	EndGlobalSection
	GlobalSection(SolutionProperties) = preSolution
		HideSolutionNode = FALSE
	EndGlobalSection
	GlobalSection(NestedProjects) = preSolution
		{A9F61784-63C9-4133-9EB4-0E56B8D196E5} = {827E0CD3-B72D-47B6-A68D-7590B98EB39B}
		{C5007794-161C-4CEF-A6D5-8C6F1782945A} = {827E0CD3-B72D-47B6-A68D-7590B98EB39B}
		{B923718D-905C-43A9-8582-D05DC2F20005} = {827E0CD3-B72D-47B6-A68D-7590B98EB39B}
		{9870C681-6BC6-4AFA-BA52-224DEAEC56BD} = {827E0CD3-B72D-47B6-A68D-7590B98EB39B}
		{15D4595E-D214-44F0-95FF-85BBA015C155} = {827E0CD3-B72D-47B6-A68D-7590B98EB39B}
	EndGlobalSection
EndGlobal
